// !$*UTF8*$!
{
	archiveVersion = 1;
	classes = {
	};
	objectVersion = 77;
	objects = {

/* Begin PBXBuildFile section */
		2F48CAA42F2B850D00A8AE19 /* SwiftTerm in Frameworks */ = {isa = PBXBuildFile; productRef = 2F48CAA32F2B850D00A8AE19 /* SwiftTerm */; };
/* End PBXBuildFile section */

/* Begin PBXContainerItemProxy section */
		2F9622072F291FF400D03770 /* PBXContainerItemProxy */ = {
			isa = PBXContainerItemProxy;
			containerPortal = 2F9621F12F291FEB00D03770 /* Project object */;
			proxyType = 1;
			remoteGlobalIDString = 2F9621F82F291FEB00D03770;
			remoteInfo = BattleLM;
		};
		2F9622112F291FF400D03770 /* PBXContainerItemProxy */ = {
			isa = PBXContainerItemProxy;
			containerPortal = 2F9621F12F291FEB00D03770 /* Project object */;
			proxyType = 1;
			remoteGlobalIDString = 2F9621F82F291FEB00D03770;
			remoteInfo = BattleLM;
		};
/* End PBXContainerItemProxy section */

/* Begin PBXFileReference section */
		2F9621F92F291FEB00D03770 /* BattleLM-Hub.app */ = {isa = PBXFileReference; explicitFileType = wrapper.application; includeInIndex = 0; path = "BattleLM-Hub.app"; sourceTree = BUILT_PRODUCTS_DIR; };
		2F9622062F291FF400D03770 /* BattleLM-HubTests.xctest */ = {isa = PBXFileReference; explicitFileType = wrapper.cfbundle; includeInIndex = 0; path = "BattleLM-HubTests.xctest"; sourceTree = BUILT_PRODUCTS_DIR; };
		2F9622102F291FF400D03770 /* BattleLM-HubUITests.xctest */ = {isa = PBXFileReference; explicitFileType = wrapper.cfbundle; includeInIndex = 0; path = "BattleLM-HubUITests.xctest"; sourceTree = BUILT_PRODUCTS_DIR; };
/* End PBXFileReference section */

/* Begin PBXFileSystemSynchronizedRootGroup section */
		2F9621FB2F291FEB00D03770 /* BattleLM */ = {
			isa = PBXFileSystemSynchronizedRootGroup;
			path = BattleLM;
			sourceTree = "<group>";
		};
		2F9622092F291FF400D03770 /* BattleLMTests */ = {
			isa = PBXFileSystemSynchronizedRootGroup;
			path = BattleLMTests;
			sourceTree = "<group>";
		};
		2F9622132F291FF400D03770 /* BattleLMUITests */ = {
			isa = PBXFileSystemSynchronizedRootGroup;
			path = BattleLMUITests;
			sourceTree = "<group>";
		};
/* End PBXFileSystemSynchronizedRootGroup section */

/* Begin PBXFrameworksBuildPhase section */
		2F9621F62F291FEB00D03770 /* Frameworks */ = {
			isa = PBXFrameworksBuildPhase;
			buildActionMask = 2147483647;
			files = (
				2F48CAA42F2B850D00A8AE19 /* SwiftTerm in Frameworks */,
			);
			runOnlyForDeploymentPostprocessing = 0;
		};
		2F9622032F291FF400D03770 /* Frameworks */ = {
			isa = PBXFrameworksBuildPhase;
			buildActionMask = 2147483647;
			files = (
			);
			runOnlyForDeploymentPostprocessing = 0;
		};
		2F96220D2F291FF400D03770 /* Frameworks */ = {
			isa = PBXFrameworksBuildPhase;
			buildActionMask = 2147483647;
			files = (
			);
			runOnlyForDeploymentPostprocessing = 0;
		};
/* End PBXFrameworksBuildPhase section */

/* Begin PBXGroup section */
		2F48CAA22F2B850D00A8AE19 /* Frameworks */ = {
			isa = PBXGroup;
			children = (
			);
			name = Frameworks;
			sourceTree = "<group>";
		};
		2F9621F02F291FEB00D03770 = {
			isa = PBXGroup;
			children = (
				2F9621FB2F291FEB00D03770 /* BattleLM */,
				2F9622092F291FF400D03770 /* BattleLMTests */,
				2F9622132F291FF400D03770 /* BattleLMUITests */,
				2F48CAA22F2B850D00A8AE19 /* Frameworks */,
				2F9621FA2F291FEB00D03770 /* Products */,
			);
			sourceTree = "<group>";
		};
		2F9621FA2F291FEB00D03770 /* Products */ = {
			isa = PBXGroup;
			children = (
				2F9621F92F291FEB00D03770 /* BattleLM-Hub.app */,
				2F9622062F291FF400D03770 /* BattleLM-HubTests.xctest */,
				2F9622102F291FF400D03770 /* BattleLM-HubUITests.xctest */,
			);
			name = Products;
			sourceTree = "<group>";
		};
/* End PBXGroup section */

/* Begin PBXNativeTarget section */
		2F9621F82F291FEB00D03770 /* BattleLM-Hub */ = {
			isa = PBXNativeTarget;
			buildConfigurationList = 2F96221A2F291FF400D03770 /* Build configuration list for PBXNativeTarget "BattleLM-Hub" */;
			buildPhases = (
				2F9621F52F291FEB00D03770 /* Sources */,
				2F9621F62F291FEB00D03770 /* Frameworks */,
				2F9621F72F291FEB00D03770 /* Resources */,
			);
			buildRules = (
			);
			dependencies = (
			);
			fileSystemSynchronizedGroups = (
				2F9621FB2F291FEB00D03770 /* BattleLM */,
			);
			name = "BattleLM-Hub";
			packageProductDependencies = (
				2F48CAA32F2B850D00A8AE19 /* SwiftTerm */,
			);
			productName = BattleLM;
			productReference = 2F9621F92F291FEB00D03770 /* BattleLM-Hub.app */;
			productType = "com.apple.product-type.application";
		};
		2F9622052F291FF400D03770 /* BattleLM-HubTests */ = {
			isa = PBXNativeTarget;
			buildConfigurationList = 2F96221D2F291FF400D03770 /* Build configuration list for PBXNativeTarget "BattleLM-HubTests" */;
			buildPhases = (
				2F9622022F291FF400D03770 /* Sources */,
				2F9622032F291FF400D03770 /* Frameworks */,
				2F9622042F291FF400D03770 /* Resources */,
			);
			buildRules = (
			);
			dependencies = (
				2F9622082F291FF400D03770 /* PBXTargetDependency */,
			);
			fileSystemSynchronizedGroups = (
				2F9622092F291FF400D03770 /* BattleLMTests */,
			);
			name = "BattleLM-HubTests";
			packageProductDependencies = (
			);
			productName = BattleLMTests;
			productReference = 2F9622062F291FF400D03770 /* BattleLM-HubTests.xctest */;
			productType = "com.apple.product-type.bundle.unit-test";
		};
		2F96220F2F291FF400D03770 /* BattleLM-HubUITests */ = {
			isa = PBXNativeTarget;
			buildConfigurationList = 2F9622202F291FF400D03770 /* Build configuration list for PBXNativeTarget "BattleLM-HubUITests" */;
			buildPhases = (
				2F96220C2F291FF400D03770 /* Sources */,
				2F96220D2F291FF400D03770 /* Frameworks */,
				2F96220E2F291FF400D03770 /* Resources */,
			);
			buildRules = (
			);
			dependencies = (
				2F9622122F291FF400D03770 /* PBXTargetDependency */,
			);
			fileSystemSynchronizedGroups = (
				2F9622132F291FF400D03770 /* BattleLMUITests */,
			);
			name = "BattleLM-HubUITests";
			packageProductDependencies = (
			);
			productName = BattleLMUITests;
			productReference = 2F9622102F291FF400D03770 /* BattleLM-HubUITests.xctest */;
			productType = "com.apple.product-type.bundle.ui-testing";
		};
/* End PBXNativeTarget section */

/* Begin PBXProject section */
		2F9621F12F291FEB00D03770 /* Project object */ = {
			isa = PBXProject;
			attributes = {
				BuildIndependentTargetsInParallel = 1;
				LastSwiftUpdateCheck = 2610;
				LastUpgradeCheck = 2610;
				TargetAttributes = {
					2F9621F82F291FEB00D03770 = {
						CreatedOnToolsVersion = 26.1.1;
					};
					2F9622052F291FF400D03770 = {
						CreatedOnToolsVersion = 26.1.1;
						TestTargetID = 2F9621F82F291FEB00D03770;
					};
					2F96220F2F291FF400D03770 = {
						CreatedOnToolsVersion = 26.1.1;
						TestTargetID = 2F9621F82F291FEB00D03770;
					};
				};
			};
			buildConfigurationList = 2F9621F42F291FEB00D03770 /* Build configuration list for PBXProject "BattleLM-Hub" */;
			developmentRegion = en;
			hasScannedForEncodings = 0;
			knownRegions = (
				en,
				Base,
			);
			mainGroup = 2F9621F02F291FEB00D03770;
			minimizedProjectReferenceProxies = 1;
			packageReferences = (
				2F48CA9F2F2B801A00A8AE19 /* XCRemoteSwiftPackageReference "SwiftTerm" */,
			);
			preferredProjectObjectVersion = 77;
			productRefGroup = 2F9621FA2F291FEB00D03770 /* Products */;
			projectDirPath = "";
			projectRoot = "";
			targets = (
				2F9621F82F291FEB00D03770 /* BattleLM-Hub */,
				2F9622052F291FF400D03770 /* BattleLM-HubTests */,
				2F96220F2F291FF400D03770 /* BattleLM-HubUITests */,
			);
		};
/* End PBXProject section */

/* Begin PBXResourcesBuildPhase section */
		2F9621F72F291FEB00D03770 /* Resources */ = {
			isa = PBXResourcesBuildPhase;
			buildActionMask = 2147483647;
			files = (
			);
			runOnlyForDeploymentPostprocessing = 0;
		};
		2F9622042F291FF400D03770 /* Resources */ = {
			isa = PBXResourcesBuildPhase;
			buildActionMask = 2147483647;
			files = (
			);
			runOnlyForDeploymentPostprocessing = 0;
		};
		2F96220E2F291FF400D03770 /* Resources */ = {
			isa = PBXResourcesBuildPhase;
			buildActionMask = 2147483647;
			files = (
			);
			runOnlyForDeploymentPostprocessing = 0;
		};
/* End PBXResourcesBuildPhase section */

/* Begin PBXSourcesBuildPhase section */
		2F9621F52F291FEB00D03770 /* Sources */ = {
			isa = PBXSourcesBuildPhase;
			buildActionMask = 2147483647;
			files = (
			);
			runOnlyForDeploymentPostprocessing = 0;
		};
		2F9622022F291FF400D03770 /* Sources */ = {
			isa = PBXSourcesBuildPhase;
			buildActionMask = 2147483647;
			files = (
			);
			runOnlyForDeploymentPostprocessing = 0;
		};
		2F96220C2F291FF400D03770 /* Sources */ = {
			isa = PBXSourcesBuildPhase;
			buildActionMask = 2147483647;
			files = (
			);
			runOnlyForDeploymentPostprocessing = 0;
		};
/* End PBXSourcesBuildPhase section */

/* Begin PBXTargetDependency section */
		2F9622082F291FF400D03770 /* PBXTargetDependency */ = {
			isa = PBXTargetDependency;
			target = 2F9621F82F291FEB00D03770 /* BattleLM-Hub */;
			targetProxy = 2F9622072F291FF400D03770 /* PBXContainerItemProxy */;
		};
		2F9622122F291FF400D03770 /* PBXTargetDependency */ = {
			isa = PBXTargetDependency;
			target = 2F9621F82F291FEB00D03770 /* BattleLM-Hub */;
			targetProxy = 2F9622112F291FF400D03770 /* PBXContainerItemProxy */;
		};
/* End PBXTargetDependency section */

/* Begin XCBuildConfiguration section */
		2F9622182F291FF400D03770 /* Debug */ = {
			isa = XCBuildConfiguration;
			buildSettings = {
				ALWAYS_SEARCH_USER_PATHS = NO;
				ASSETCATALOG_COMPILER_GENERATE_SWIFT_ASSET_SYMBOL_EXTENSIONS = YES;
				CLANG_ANALYZER_NONNULL = YES;
				CLANG_ANALYZER_NUMBER_OBJECT_CONVERSION = YES_AGGRESSIVE;
				CLANG_CXX_LANGUAGE_STANDARD = "gnu++20";
				CLANG_ENABLE_MODULES = YES;
				CLANG_ENABLE_OBJC_ARC = YES;
				CLANG_ENABLE_OBJC_WEAK = YES;
				CLANG_WARN_BLOCK_CAPTURE_AUTORELEASING = YES;
				CLANG_WARN_BOOL_CONVERSION = YES;
				CLANG_WARN_COMMA = YES;
				CLANG_WARN_CONSTANT_CONVERSION = YES;
				CLANG_WARN_DEPRECATED_OBJC_IMPLEMENTATIONS = YES;
				CLANG_WARN_DIRECT_OBJC_ISA_USAGE = YES_ERROR;
				CLANG_WARN_DOCUMENTATION_COMMENTS = YES;
				CLANG_WARN_EMPTY_BODY = YES;
				CLANG_WARN_ENUM_CONVERSION = YES;
				CLANG_WARN_INFINITE_RECURSION = YES;
				CLANG_WARN_INT_CONVERSION = YES;
				CLANG_WARN_NON_LITERAL_NULL_CONVERSION = YES;
				CLANG_WARN_OBJC_IMPLICIT_RETAIN_SELF = YES;
				CLANG_WARN_OBJC_LITERAL_CONVERSION = YES;
				CLANG_WARN_OBJC_ROOT_CLASS = YES_ERROR;
				CLANG_WARN_QUOTED_INCLUDE_IN_FRAMEWORK_HEADER = YES;
				CLANG_WARN_RANGE_LOOP_ANALYSIS = YES;
				CLANG_WARN_STRICT_PROTOTYPES = YES;
				CLANG_WARN_SUSPICIOUS_MOVE = YES;
				CLANG_WARN_UNGUARDED_AVAILABILITY = YES_AGGRESSIVE;
				CLANG_WARN_UNREACHABLE_CODE = YES;
				CLANG_WARN__DUPLICATE_METHOD_MATCH = YES;
				COPY_PHASE_STRIP = NO;
				DEBUG_INFORMATION_FORMAT = dwarf;
				ENABLE_STRICT_OBJC_MSGSEND = YES;
				ENABLE_TESTABILITY = YES;
				ENABLE_USER_SCRIPT_SANDBOXING = YES;
				GCC_C_LANGUAGE_STANDARD = gnu17;
				GCC_DYNAMIC_NO_PIC = NO;
				GCC_NO_COMMON_BLOCKS = YES;
				GCC_OPTIMIZATION_LEVEL = 0;
				GCC_PREPROCESSOR_DEFINITIONS = (
					"DEBUG=1",
					"$(inherited)",
				);
				GCC_WARN_64_TO_32_BIT_CONVERSION = YES;
				GCC_WARN_ABOUT_RETURN_TYPE = YES_ERROR;
				GCC_WARN_UNDECLARED_SELECTOR = YES;
				GCC_WARN_UNINITIALIZED_AUTOS = YES_AGGRESSIVE;
				GCC_WARN_UNUSED_FUNCTION = YES;
				GCC_WARN_UNUSED_VARIABLE = YES;
				LOCALIZATION_PREFERS_STRING_CATALOGS = YES;
				MACOSX_DEPLOYMENT_TARGET = 14.0;
				MTL_ENABLE_DEBUG_INFO = INCLUDE_SOURCE;
				MTL_FAST_MATH = YES;
				ONLY_ACTIVE_ARCH = YES;
				SDKROOT = macosx;
				SWIFT_ACTIVE_COMPILATION_CONDITIONS = "DEBUG $(inherited)";
				SWIFT_OPTIMIZATION_LEVEL = "-Onone";
			};
			name = Debug;
		};
		2F9622192F291FF400D03770 /* Release */ = {
			isa = XCBuildConfiguration;
			buildSettings = {
				ALWAYS_SEARCH_USER_PATHS = NO;
				ASSETCATALOG_COMPILER_GENERATE_SWIFT_ASSET_SYMBOL_EXTENSIONS = YES;
				CLANG_ANALYZER_NONNULL = YES;
				CLANG_ANALYZER_NUMBER_OBJECT_CONVERSION = YES_AGGRESSIVE;
				CLANG_CXX_LANGUAGE_STANDARD = "gnu++20";
				CLANG_ENABLE_MODULES = YES;
				CLANG_ENABLE_OBJC_ARC = YES;
				CLANG_ENABLE_OBJC_WEAK = YES;
				CLANG_WARN_BLOCK_CAPTURE_AUTORELEASING = YES;
				CLANG_WARN_BOOL_CONVERSION = YES;
				CLANG_WARN_COMMA = YES;
				CLANG_WARN_CONSTANT_CONVERSION = YES;
				CLANG_WARN_DEPRECATED_OBJC_IMPLEMENTATIONS = YES;
				CLANG_WARN_DIRECT_OBJC_ISA_USAGE = YES_ERROR;
				CLANG_WARN_DOCUMENTATION_COMMENTS = YES;
				CLANG_WARN_EMPTY_BODY = YES;
				CLANG_WARN_ENUM_CONVERSION = YES;
				CLANG_WARN_INFINITE_RECURSION = YES;
				CLANG_WARN_INT_CONVERSION = YES;
				CLANG_WARN_NON_LITERAL_NULL_CONVERSION = YES;
				CLANG_WARN_OBJC_IMPLICIT_RETAIN_SELF = YES;
				CLANG_WARN_OBJC_LITERAL_CONVERSION = YES;
				CLANG_WARN_OBJC_ROOT_CLASS = YES_ERROR;
				CLANG_WARN_QUOTED_INCLUDE_IN_FRAMEWORK_HEADER = YES;
				CLANG_WARN_RANGE_LOOP_ANALYSIS = YES;
				CLANG_WARN_STRICT_PROTOTYPES = YES;
				CLANG_WARN_SUSPICIOUS_MOVE = YES;
				CLANG_WARN_UNGUARDED_AVAILABILITY = YES_AGGRESSIVE;
				CLANG_WARN_UNREACHABLE_CODE = YES;
				CLANG_WARN__DUPLICATE_METHOD_MATCH = YES;
				COPY_PHASE_STRIP = NO;
				DEBUG_INFORMATION_FORMAT = "dwarf-with-dsym";
				ENABLE_NS_ASSERTIONS = NO;
				ENABLE_STRICT_OBJC_MSGSEND = YES;
				ENABLE_USER_SCRIPT_SANDBOXING = YES;
				GCC_C_LANGUAGE_STANDARD = gnu17;
				GCC_NO_COMMON_BLOCKS = YES;
				GCC_WARN_64_TO_32_BIT_CONVERSION = YES;
				GCC_WARN_ABOUT_RETURN_TYPE = YES_ERROR;
				GCC_WARN_UNDECLARED_SELECTOR = YES;
				GCC_WARN_UNINITIALIZED_AUTOS = YES_AGGRESSIVE;
				GCC_WARN_UNUSED_FUNCTION = YES;
				GCC_WARN_UNUSED_VARIABLE = YES;
				LOCALIZATION_PREFERS_STRING_CATALOGS = YES;
				MACOSX_DEPLOYMENT_TARGET = 14.0;
				MTL_ENABLE_DEBUG_INFO = NO;
				MTL_FAST_MATH = YES;
				SDKROOT = macosx;
				SWIFT_COMPILATION_MODE = wholemodule;
			};
			name = Release;
		};
		2F96221B2F291FF400D03770 /* Debug */ = {
			isa = XCBuildConfiguration;
			buildSettings = {
				ASSETCATALOG_COMPILER_APPICON_NAME = AppIcon;
				ASSETCATALOG_COMPILER_GLOBAL_ACCENT_COLOR_NAME = AccentColor;
				CODE_SIGN_STYLE = Automatic;
				COMBINE_HIDPI_IMAGES = YES;
				CURRENT_PROJECT_VERSION = 1;
				ENABLE_APP_SANDBOX = NO;
				ENABLE_HARDENED_RUNTIME = YES;
				ENABLE_PREVIEWS = YES;
				GENERATE_INFOPLIST_FILE = YES;
				INFOPLIST_KEY_NSHumanReadableCopyright = "";
				LD_RUNPATH_SEARCH_PATHS = (
					"$(inherited)",
					"@executable_path/../Frameworks",
				);
				MARKETING_VERSION = 1.0;
				PRODUCT_BUNDLE_IDENTIFIER = com.battlelm.hub;
				PRODUCT_NAME = "$(TARGET_NAME)";
				REGISTER_APP_GROUPS = YES;
				STRING_CATALOG_GENERATE_SYMBOLS = YES;
				SWIFT_APPROACHABLE_CONCURRENCY = YES;
				SWIFT_DEFAULT_ACTOR_ISOLATION = MainActor;
				SWIFT_EMIT_LOC_STRINGS = YES;
				SWIFT_UPCOMING_FEATURE_MEMBER_IMPORT_VISIBILITY = YES;
				SWIFT_VERSION = 5.0;
			};
			name = Debug;
		};
		2F96221C2F291FF400D03770 /* Release */ = {
			isa = XCBuildConfiguration;
			buildSettings = {
				ASSETCATALOG_COMPILER_APPICON_NAME = AppIcon;
				ASSETCATALOG_COMPILER_GLOBAL_ACCENT_COLOR_NAME = AccentColor;
				CODE_SIGN_STYLE = Automatic;
				COMBINE_HIDPI_IMAGES = YES;
				CURRENT_PROJECT_VERSION = 1;
				ENABLE_APP_SANDBOX = NO;
				ENABLE_HARDENED_RUNTIME = YES;
				ENABLE_PREVIEWS = YES;
				GENERATE_INFOPLIST_FILE = YES;
				INFOPLIST_KEY_NSHumanReadableCopyright = "";
				LD_RUNPATH_SEARCH_PATHS = (
					"$(inherited)",
					"@executable_path/../Frameworks",
				);
				MARKETING_VERSION = 1.0;
				PRODUCT_BUNDLE_IDENTIFIER = com.battlelm.hub;
				PRODUCT_NAME = "$(TARGET_NAME)";
				REGISTER_APP_GROUPS = YES;
				STRING_CATALOG_GENERATE_SYMBOLS = YES;
				SWIFT_APPROACHABLE_CONCURRENCY = YES;
				SWIFT_DEFAULT_ACTOR_ISOLATION = MainActor;
				SWIFT_EMIT_LOC_STRINGS = YES;
				SWIFT_UPCOMING_FEATURE_MEMBER_IMPORT_VISIBILITY = YES;
				SWIFT_VERSION = 5.0;
			};
			name = Release;
		};
		2F96221E2F291FF400D03770 /* Debug */ = {
			isa = XCBuildConfiguration;
			buildSettings = {
				BUNDLE_LOADER = "$(TEST_HOST)";
				CODE_SIGN_STYLE = Automatic;
				CURRENT_PROJECT_VERSION = 1;
				GENERATE_INFOPLIST_FILE = YES;
				MACOSX_DEPLOYMENT_TARGET = 14.0;
				MARKETING_VERSION = 1.0;
				PRODUCT_BUNDLE_IDENTIFIER = com.battlelm.hub.tests;
				PRODUCT_NAME = "$(TARGET_NAME)";
				STRING_CATALOG_GENERATE_SYMBOLS = NO;
				SWIFT_APPROACHABLE_CONCURRENCY = YES;
				SWIFT_EMIT_LOC_STRINGS = NO;
				SWIFT_UPCOMING_FEATURE_MEMBER_IMPORT_VISIBILITY = YES;
				SWIFT_VERSION = 5.0;
				TEST_HOST = "$(BUILT_PRODUCTS_DIR)/BattleLM-Hub.app/$(BUNDLE_EXECUTABLE_FOLDER_PATH)/BattleLM-Hub";
			};
			name = Debug;
		};
		2F96221F2F291FF400D03770 /* Release */ = {
			isa = XCBuildConfiguration;
			buildSettings = {
				BUNDLE_LOADER = "$(TEST_HOST)";
				CODE_SIGN_STYLE = Automatic;
				CURRENT_PROJECT_VERSION = 1;
				GENERATE_INFOPLIST_FILE = YES;
				MACOSX_DEPLOYMENT_TARGET = 14.0;
				MARKETING_VERSION = 1.0;
				PRODUCT_BUNDLE_IDENTIFIER = com.battlelm.hub.tests;
				PRODUCT_NAME = "$(TARGET_NAME)";
				STRING_CATALOG_GENERATE_SYMBOLS = NO;
				SWIFT_APPROACHABLE_CONCURRENCY = YES;
				SWIFT_EMIT_LOC_STRINGS = NO;
				SWIFT_UPCOMING_FEATURE_MEMBER_IMPORT_VISIBILITY = YES;
				SWIFT_VERSION = 5.0;
				TEST_HOST = "$(BUILT_PRODUCTS_DIR)/BattleLM-Hub.app/$(BUNDLE_EXECUTABLE_FOLDER_PATH)/BattleLM-Hub";
				VALIDATE_PRODUCT = YES;
			};
			name = Release;
		};
		2F9622212F291FF400D03770 /* Debug */ = {
			isa = XCBuildConfiguration;
			buildSettings = {
				CODE_SIGN_STYLE = Automatic;
				CURRENT_PROJECT_VERSION = 1;
				GENERATE_INFOPLIST_FILE = YES;
				MARKETING_VERSION = 1.0;
				PRODUCT_BUNDLE_IDENTIFIER = com.battlelm.hub.uitests;
				PRODUCT_NAME = "$(TARGET_NAME)";
				STRING_CATALOG_GENERATE_SYMBOLS = NO;
				SWIFT_APPROACHABLE_CONCURRENCY = YES;
				SWIFT_EMIT_LOC_STRINGS = NO;
				SWIFT_UPCOMING_FEATURE_MEMBER_IMPORT_VISIBILITY = YES;
				SWIFT_VERSION = 5.0;
				TEST_TARGET_NAME = "BattleLM-Hub";
			};
			name = Debug;
		};
		2F9622222F291FF400D03770 /* Release */ = {
			isa = XCBuildConfiguration;
			buildSettings = {
				CODE_SIGN_STYLE = Automatic;
				CURRENT_PROJECT_VERSION = 1;
				GENERATE_INFOPLIST_FILE = YES;
				MARKETING_VERSION = 1.0;
				PRODUCT_BUNDLE_IDENTIFIER = com.battlelm.hub.uitests;
				PRODUCT_NAME = "$(TARGET_NAME)";
				STRING_CATALOG_GENERATE_SYMBOLS = NO;
				SWIFT_APPROACHABLE_CONCURRENCY = YES;
				SWIFT_EMIT_LOC_STRINGS = NO;
				SWIFT_UPCOMING_FEATURE_MEMBER_IMPORT_VISIBILITY = YES;
				SWIFT_VERSION = 5.0;
				TEST_TARGET_NAME = "BattleLM-Hub";
				VALIDATE_PRODUCT = YES;
			};
			name = Release;
		};
/* End XCBuildConfiguration section */

/* Begin XCConfigurationList section */
		2F9621F42F291FEB00D03770 /* Build configuration list for PBXProject "BattleLM-Hub" */ = {
			isa = XCConfigurationList;
			buildConfigurations = (
				2F9622182F291FF400D03770 /* Debug */,
				2F9622192F291FF400D03770 /* Release */,
			);
			defaultConfigurationIsVisible = 0;
			defaultConfigurationName = Release;
		};
		2F96221A2F291FF400D03770 /* Build configuration list for PBXNativeTarget "BattleLM-Hub" */ = {
			isa = XCConfigurationList;
			buildConfigurations = (
				2F96221B2F291FF400D03770 /* Debug */,
				2F96221C2F291FF400D03770 /* Release */,
			);
			defaultConfigurationIsVisible = 0;
			defaultConfigurationName = Release;
		};
		2F96221D2F291FF400D03770 /* Build configuration list for PBXNativeTarget "BattleLM-HubTests" */ = {
			isa = XCConfigurationList;
			buildConfigurations = (
				2F96221E2F291FF400D03770 /* Debug */,
				2F96221F2F291FF400D03770 /* Release */,
			);
			defaultConfigurationIsVisible = 0;
			defaultConfigurationName = Release;
		};
		2F9622202F291FF400D03770 /* Build configuration list for PBXNativeTarget "BattleLM-HubUITests" */ = {
			isa = XCConfigurationList;
			buildConfigurations = (
				2F9622212F291FF400D03770 /* Debug */,
				2F9622222F291FF400D03770 /* Release */,
			);
			defaultConfigurationIsVisible = 0;
			defaultConfigurationName = Release;
		};
/* End XCConfigurationList section */

/* Begin XCRemoteSwiftPackageReference section */
		2F48CA9F2F2B801A00A8AE19 /* XCRemoteSwiftPackageReference "SwiftTerm" */ = {
			isa = XCRemoteSwiftPackageReference;
			repositoryURL = "https://github.com/migueldeicaza/SwiftTerm.git";
			requirement = {
				kind = upToNextMajorVersion;
				minimumVersion = 1.0.0;
			};
		};
/* End XCRemoteSwiftPackageReference section */

/* Begin XCSwiftPackageProductDependency section */
		2F48CAA32F2B850D00A8AE19 /* SwiftTerm */ = {
			isa = XCSwiftPackageProductDependency;
			package = 2F48CA9F2F2B801A00A8AE19 /* XCRemoteSwiftPackageReference "SwiftTerm" */;
			productName = SwiftTerm;
		};
/* End XCSwiftPackageProductDependency section */
	};
	rootObject = 2F9621F12F291FEB00D03770 /* Project object */;
}
